{
  "lockfileVersion": 1,
  "configVersion": 1,
  "workspaces": {
    "": {
      "name": "component-picker",
      "devDependencies": {
        "chrome-types": "latest",
        "typescript": "latest",
      },
    },
  },
  "packages": {
    "chrome-types": ["chrome-types@0.1.425", "", {}, "sha512-uc1Mc4EGLUeZ1O6ZeQwezCLBrwbBxsPeCu9V7E+8+YHudg6RecgWtzG7L2m+ZW+3ahayhFDq0BwjM2aFujxdyw=="],

    "typescript": ["typescript@6.0.2", "", { "bin": { "tsc": "bin/tsc", "tsserver": "bin/tsserver" } }, "sha512-bGdAIrZ0wiGDo5l8c++HWtbaNCWTS4UTv7RaTH/ThVIgjkveJt83m74bBHMJkuCbslY8ixgLBVZJIOiQlQTjfQ=="],
  }
}
